<?xml version="1.0" encoding="utf-8"?>
<Project ToolsVersion="4.0" xmlns="http://schemas.microsoft.com/developer/msbuild/2003">
  <ItemGroup>
    <ClCompile Include="tests\test_ivfpq_codec.cpp" />
    <ClCompile Include="tests\test-util.cpp" />
    <ClCompile Include="tests\test-flatindex.cpp" />
    <ClCompile Include="tests\main.cpp" />
    <ClCompile Include="tests\test_ivfpq_indexing.cpp" />
  </ItemGroup>
  <ItemGroup>
    <ClInclude Include="tests\test-util.h" />
  </ItemGroup>
  <ItemGroup>
    <Text Include="tests\readme.txt" />
  </ItemGroup>
</Project>