
Microsoft Visual Studio Solution File, Format Version 12.00
# Visual Studio 15
VisualStudioVersion = 15.0.27130.2036
MinimumVisualStudioVersion = 10.0.40219.1
Project("{8BC9CEB8-8B4A-11D0-8D11-00A0C91BC942}") = "windows-faiss", "windows-faiss.vcxproj", "{95303DA8-E1C9-475C-AE7F-AED7BC4981B7}"
EndProject
Project("{8BC9CEB8-8B4A-11D0-8D11-00A0C91BC942}") = "blas-test", "blas-test\blas-test.vcxproj", "{328B07C3-9336-4025-9377-CC4663CD7437}"
EndProject
Project("{8BC9CEB8-8B4A-11D0-8D11-00A0C91BC942}") = "faiss-test", "faiss-test.vcxproj", "{70DC71C5-0CBC-46AD-8FAC-91D36F74954E}"
EndProject
Project("{8BC9CEB8-8B4A-11D0-8D11-00A0C91BC942}") = "faisstest_anthony", "..\faisstest_anthony\faisstest_anthony.vcxproj", "{08DBAAB4-B6FB-4B0D-A1C5-555C24C6707C}"
EndProject
Project("{8BC9CEB8-8B4A-11D0-8D11-00A0C91BC942}") = "catchtest", "catchtest\catchtest.vcxproj", "{C1158F81-C56B-4A69-A163-2AF82FC2BA8A}"
EndProject
Project("{8BC9CEB8-8B4A-11D0-8D11-00A0C91BC942}") = "FaissManagedDll", "FaissManagedDll\FaissManagedDll.vcxproj", "{55D2DBFA-8C73-43BE-9DCB-60B4403693FA}"
EndProject
Project("{FAE04EC0-301F-11D3-BF4B-00C04F79EFBC}") = "FaissManagedUnitTest", "FaissManagedUnitTest\FaissManagedUnitTest.csproj", "{46847D9C-14DE-43DC-9C66-084EC4353552}"
EndProject
Global
	GlobalSection(SolutionConfigurationPlatforms) = preSolution
		Debug|Any CPU = Debug|Any CPU
		Debug|x64 = Debug|x64
		Debug|x86 = Debug|x86
		Release|Any CPU = Release|Any CPU
		Release|x64 = Release|x64
		Release|x86 = Release|x86
	EndGlobalSection
	GlobalSection(ProjectConfigurationPlatforms) = postSolution
		{95303DA8-E1C9-475C-AE7F-AED7BC4981B7}.Debug|Any CPU.ActiveCfg = Debug|Win32
		{95303DA8-E1C9-475C-AE7F-AED7BC4981B7}.Debug|x64.ActiveCfg = Debug|x64
		{95303DA8-E1C9-475C-AE7F-AED7BC4981B7}.Debug|x64.Build.0 = Debug|x64
		{95303DA8-E1C9-475C-AE7F-AED7BC4981B7}.Debug|x86.ActiveCfg = Debug|Win32
		{95303DA8-E1C9-475C-AE7F-AED7BC4981B7}.Debug|x86.Build.0 = Debug|Win32
		{95303DA8-E1C9-475C-AE7F-AED7BC4981B7}.Release|Any CPU.ActiveCfg = Release|Win32
		{95303DA8-E1C9-475C-AE7F-AED7BC4981B7}.Release|x64.ActiveCfg = Release|x64
		{95303DA8-E1C9-475C-AE7F-AED7BC4981B7}.Release|x64.Build.0 = Release|x64
		{95303DA8-E1C9-475C-AE7F-AED7BC4981B7}.Release|x86.ActiveCfg = Release|Win32
		{95303DA8-E1C9-475C-AE7F-AED7BC4981B7}.Release|x86.Build.0 = Release|Win32
		{328B07C3-9336-4025-9377-CC4663CD7437}.Debug|Any CPU.ActiveCfg = Debug|Win32
		{328B07C3-9336-4025-9377-CC4663CD7437}.Debug|x64.ActiveCfg = Debug|x64
		{328B07C3-9336-4025-9377-CC4663CD7437}.Debug|x64.Build.0 = Debug|x64
		{328B07C3-9336-4025-9377-CC4663CD7437}.Debug|x86.ActiveCfg = Debug|Win32
		{328B07C3-9336-4025-9377-CC4663CD7437}.Debug|x86.Build.0 = Debug|Win32
		{328B07C3-9336-4025-9377-CC4663CD7437}.Debug|x86.Deploy.0 = Debug|Win32
		{328B07C3-9336-4025-9377-CC4663CD7437}.Release|Any CPU.ActiveCfg = Release|Win32
		{328B07C3-9336-4025-9377-CC4663CD7437}.Release|x64.ActiveCfg = Release|x64
		{328B07C3-9336-4025-9377-CC4663CD7437}.Release|x64.Build.0 = Release|x64
		{328B07C3-9336-4025-9377-CC4663CD7437}.Release|x86.ActiveCfg = Release|Win32
		{328B07C3-9336-4025-9377-CC4663CD7437}.Release|x86.Build.0 = Release|Win32
		{328B07C3-9336-4025-9377-CC4663CD7437}.Release|x86.Deploy.0 = Release|Win32
		{70DC71C5-0CBC-46AD-8FAC-91D36F74954E}.Debug|Any CPU.ActiveCfg = Debug|Win32
		{70DC71C5-0CBC-46AD-8FAC-91D36F74954E}.Debug|x64.ActiveCfg = Debug|x64
		{70DC71C5-0CBC-46AD-8FAC-91D36F74954E}.Debug|x64.Build.0 = Debug|x64
		{70DC71C5-0CBC-46AD-8FAC-91D36F74954E}.Debug|x86.ActiveCfg = Debug|Win32
		{70DC71C5-0CBC-46AD-8FAC-91D36F74954E}.Debug|x86.Build.0 = Debug|Win32
		{70DC71C5-0CBC-46AD-8FAC-91D36F74954E}.Release|Any CPU.ActiveCfg = Release|Win32
		{70DC71C5-0CBC-46AD-8FAC-91D36F74954E}.Release|x64.ActiveCfg = Release|x64
		{70DC71C5-0CBC-46AD-8FAC-91D36F74954E}.Release|x64.Build.0 = Release|x64
		{70DC71C5-0CBC-46AD-8FAC-91D36F74954E}.Release|x86.ActiveCfg = Release|Win32
		{70DC71C5-0CBC-46AD-8FAC-91D36F74954E}.Release|x86.Build.0 = Release|Win32
		{08DBAAB4-B6FB-4B0D-A1C5-555C24C6707C}.Debug|Any CPU.ActiveCfg = Debug|Win32
		{08DBAAB4-B6FB-4B0D-A1C5-555C24C6707C}.Debug|x64.ActiveCfg = Debug|x64
		{08DBAAB4-B6FB-4B0D-A1C5-555C24C6707C}.Debug|x64.Build.0 = Debug|x64
		{08DBAAB4-B6FB-4B0D-A1C5-555C24C6707C}.Debug|x86.ActiveCfg = Debug|Win32
		{08DBAAB4-B6FB-4B0D-A1C5-555C24C6707C}.Debug|x86.Build.0 = Debug|Win32
		{08DBAAB4-B6FB-4B0D-A1C5-555C24C6707C}.Release|Any CPU.ActiveCfg = Release|Win32
		{08DBAAB4-B6FB-4B0D-A1C5-555C24C6707C}.Release|x64.ActiveCfg = Release|x64
		{08DBAAB4-B6FB-4B0D-A1C5-555C24C6707C}.Release|x64.Build.0 = Release|x64
		{08DBAAB4-B6FB-4B0D-A1C5-555C24C6707C}.Release|x86.ActiveCfg = Release|Win32
		{08DBAAB4-B6FB-4B0D-A1C5-555C24C6707C}.Release|x86.Build.0 = Release|Win32
		{C1158F81-C56B-4A69-A163-2AF82FC2BA8A}.Debug|Any CPU.ActiveCfg = Debug|Win32
		{C1158F81-C56B-4A69-A163-2AF82FC2BA8A}.Debug|x64.ActiveCfg = Debug|x64
		{C1158F81-C56B-4A69-A163-2AF82FC2BA8A}.Debug|x64.Build.0 = Debug|x64
		{C1158F81-C56B-4A69-A163-2AF82FC2BA8A}.Debug|x86.ActiveCfg = Debug|Win32
		{C1158F81-C56B-4A69-A163-2AF82FC2BA8A}.Debug|x86.Build.0 = Debug|Win32
		{C1158F81-C56B-4A69-A163-2AF82FC2BA8A}.Release|Any CPU.ActiveCfg = Release|Win32
		{C1158F81-C56B-4A69-A163-2AF82FC2BA8A}.Release|x64.ActiveCfg = Release|x64
		{C1158F81-C56B-4A69-A163-2AF82FC2BA8A}.Release|x64.Build.0 = Release|x64
		{C1158F81-C56B-4A69-A163-2AF82FC2BA8A}.Release|x86.ActiveCfg = Release|Win32
		{C1158F81-C56B-4A69-A163-2AF82FC2BA8A}.Release|x86.Build.0 = Release|Win32
		{55D2DBFA-8C73-43BE-9DCB-60B4403693FA}.Debug|Any CPU.ActiveCfg = Debug|Win32
		{55D2DBFA-8C73-43BE-9DCB-60B4403693FA}.Debug|x64.ActiveCfg = Debug|x64
		{55D2DBFA-8C73-43BE-9DCB-60B4403693FA}.Debug|x64.Build.0 = Debug|x64
		{55D2DBFA-8C73-43BE-9DCB-60B4403693FA}.Debug|x86.ActiveCfg = Debug|Win32
		{55D2DBFA-8C73-43BE-9DCB-60B4403693FA}.Debug|x86.Build.0 = Debug|Win32
		{55D2DBFA-8C73-43BE-9DCB-60B4403693FA}.Release|Any CPU.ActiveCfg = Release|Win32
		{55D2DBFA-8C73-43BE-9DCB-60B4403693FA}.Release|x64.ActiveCfg = Release|x64
		{55D2DBFA-8C73-43BE-9DCB-60B4403693FA}.Release|x64.Build.0 = Release|x64
		{55D2DBFA-8C73-43BE-9DCB-60B4403693FA}.Release|x86.ActiveCfg = Release|Win32
		{55D2DBFA-8C73-43BE-9DCB-60B4403693FA}.Release|x86.Build.0 = Release|Win32
		{46847D9C-14DE-43DC-9C66-084EC4353552}.Debug|Any CPU.ActiveCfg = Debug|Any CPU
		{46847D9C-14DE-43DC-9C66-084EC4353552}.Debug|Any CPU.Build.0 = Debug|Any CPU
		{46847D9C-14DE-43DC-9C66-084EC4353552}.Debug|x64.ActiveCfg = Debug|Any CPU
		{46847D9C-14DE-43DC-9C66-084EC4353552}.Debug|x64.Build.0 = Debug|Any CPU
		{46847D9C-14DE-43DC-9C66-084EC4353552}.Debug|x86.ActiveCfg = Debug|Any CPU
		{46847D9C-14DE-43DC-9C66-084EC4353552}.Debug|x86.Build.0 = Debug|Any CPU
		{46847D9C-14DE-43DC-9C66-084EC4353552}.Release|Any CPU.ActiveCfg = Release|Any CPU
		{46847D9C-14DE-43DC-9C66-084EC4353552}.Release|Any CPU.Build.0 = Release|Any CPU
		{46847D9C-14DE-43DC-9C66-084EC4353552}.Release|x64.ActiveCfg = Release|Any CPU
		{46847D9C-14DE-43DC-9C66-084EC4353552}.Release|x64.Build.0 = Release|Any CPU
		{46847D9C-14DE-43DC-9C66-084EC4353552}.Release|x86.ActiveCfg = Release|Any CPU
		{46847D9C-14DE-43DC-9C66-084EC4353552}.Release|x86.Build.0 = Release|Any CPU
	EndGlobalSection
	GlobalSection(SolutionProperties) = preSolution
		HideSolutionNode = FALSE
	EndGlobalSection
	GlobalSection(ExtensibilityGlobals) = postSolution
		SolutionGuid = {900B0F91-027A-4D7B-A744-83CBD2F05F08}
	EndGlobalSection
	GlobalSection(Performance) = preSolution
		HasPerformanceSessions = true
	EndGlobalSection
	GlobalSection(Performance) = preSolution
		HasPerformanceSessions = true
	EndGlobalSection
EndGlobal
